{
  "name": "hazelcast",
  "version": "1.0.0",
  "lockfileVersion": 2,
  "requires": true,
  "packages": {
    "": {
      "name": "hazelcast",
      "version": "1.0.0",
      "dependencies": {
        "hazelcast-client": "^5.0"
      }
    },
    "node_modules/@types/long": {
      "version": "4.0.1",
      "resolved": "https://registry.npmjs.org/@types/long/-/long-4.0.1.tgz",
      "integrity": "sha512-5tXH6Bx/kNGd3MgffdmP4dy2Z+G4eaXw0SE81Tq3BNadtnMR5/ySMzX4SLEzHJzSmPNn4HIdpQsBvXMUykr58w=="
    },
    "node_modules/hazelcast-client": {
      "version": "5.0.2",
      "resolved": "https://registry.npmjs.org/hazelcast-client/-/hazelcast-client-5.0.2.tgz",
      "integrity": "sha512-CsNvZZn2bQn8E+j5HgXzhhEfjliBn6626qBb5upcIQHw1J9rtobiS2/pqabNKXMwKjyzVNc/ui+yqFKaGMrc6A==",
      "dependencies": {
        "@types/long": "4.0.1",
        "long": "4.0.0"
      },
      "engines": {
        "node": ">=10.4.0"
      }
    },
    "node_modules/long": {
      "version": "4.0.0",
      "resolved": "https://registry.npmjs.org/long/-/long-4.0.0.tgz",
      "integrity": "sha512-XsP+KhQif4bjX1kbuSiySJFNAehNxgLb6hPRGJ9QsUr8ajHkuXGdrHmFUTUUXhDwVX2R5bY4JNZEwbUiMhV+MA=="
    }
  },
  "dependencies": {
    "@types/long": {
      "version": "4.0.1",
      "resolved": "https://registry.npmjs.org/@types/long/-/long-4.0.1.tgz",
      "integrity": "sha512-5tXH6Bx/kNGd3MgffdmP4dy2Z+G4eaXw0SE81Tq3BNadtnMR5/ySMzX4SLEzHJzSmPNn4HIdpQsBvXMUykr58w=="
    },
    "hazelcast-client": {
      "version": "5.0.2",
      "resolved": "https://registry.npmjs.org/hazelcast-client/-/hazelcast-client-5.0.2.tgz",
      "integrity": "sha512-CsNvZZn2bQn8E+j5HgXzhhEfjliBn6626qBb5upcIQHw1J9rtobiS2/pqabNKXMwKjyzVNc/ui+yqFKaGMrc6A==",
      "requires": {
        "@types/long": "4.0.1",
        "long": "4.0.0"
      }
    },
    "long": {
      "version": "4.0.0",
      "resolved": "https://registry.npmjs.org/long/-/long-4.0.0.tgz",
      "integrity": "sha512-XsP+KhQif4bjX1kbuSiySJFNAehNxgLb6hPRGJ9QsUr8ajHkuXGdrHmFUTUUXhDwVX2R5bY4JNZEwbUiMhV+MA=="
    }
  }
}
